github.com/unitoftime/flow v0.0.0-20250524150112-f6e000586b05 h1:BZfAF2l39WEWICsH94eAx/68uPoawL1e3WHV3hfXmsU=
github.com/unitoftime/flow v0.0.0-20250524150112-f6e000586b05/go.mod h1:FUWcerccvoaBeQzT4eHMbCoOvYz59tBVaQd+UPldJAM=
github.com/zergon321/ll v0.0.0-20240321145452-cdcca34430f6 h1:YUq702owEqj/J0OpL8eSBuISttstE8gGnZvw26ScuXc=
github.com/zergon321/ll v0.0.0-20240321145452-cdcca34430f6/go.mod h1:9whYEnyTc6m6NjhIsQhb5k7soHLp60EqfJL/ESZkutU=
github.com/zergon321/mempool v0.0.0-20230803011558-49cf4fd99ba7 h1:UHLDKKuOftRFsghFFxwoEyVlYHAIJQYYo174wWc4djM=
github.com/zergon321/mempool v0.0.0-20230803011558-49cf4fd99ba7/go.mod h1:thGKSgDP8IjOVu5p88Zzp43H0R3XDpVCI6pF1A61Pzk=
golang.org/x/exp v0.0.0-20250506013437-ce4c2cf36ca6 h1:y5zboxd6LQAqYIhHnB48p0ByQ/GnQx2BE33L8BOHQkI=
golang.org/x/exp v0.0.0-20250506013437-ce4c2cf36ca6/go.mod h1:U6Lno4MTRCDY+Ba7aCcauB9T60gsv5s4ralQzP72ZoQ=
